<?xml version="1.0" encoding="UTF-8" standalone="yes" ?>
<CodeBlocks_project_file>
	<FileVersion major="1" minor="6" />
	<Project>
		<Option title="LudumDare31" />
		<Option pch_mode="2" />
		<Option compiler="gcc" />
		<Build>
			<Target title="Debug">
				<Option output="bin/Debug/LudumDare31" prefix_auto="1" extension_auto="1" />
				<Option object_output="obj/Debug/" />
				<Option type="1" />
				<Option compiler="gcc" />
				<Compiler>
					<Add option="-g" />
					<Add directory="Application" />
				</Compiler>
				<Linker>
					<Add library="sfml-graphics" />
					<Add library="sfml-window" />
					<Add library="sfml-system" />
				</Linker>
			</Target>
			<Target title="Release">
				<Option output="bin/Release/LudumDare31" prefix_auto="1" extension_auto="1" />
				<Option object_output="obj/Release/" />
				<Option type="0" />
				<Option compiler="gcc" />
				<Compiler>
					<Add option="-O2" />
					<Add directory="Application" />
				</Compiler>
				<Linker>
					<Add option="-s" />
					<Add library="sfml-graphics" />
					<Add library="sfml-window" />
					<Add library="sfml-system" />
				</Linker>
			</Target>
		</Build>
		<Compiler>
			<Add option="-Wall" />
		</Compiler>
		<Linker>
			<Add library="sfgui" />
			<Add library="thor" />
			<Add library="z" />
			<Add library="sfml-graphics" />
			<Add library="sfml-network" />
			<Add library="sfml-audio" />
			<Add library="sfml-window" />
			<Add library="sfml-system" />
		</Linker>
		<Unit filename="Application/Application.cpp" />
		<Unit filename="Application/Application.hpp" />
		<Unit filename="Application/Camera.cpp" />
		<Unit filename="Application/Camera.hpp" />
		<Unit filename="Application/Clock.cpp" />
		<Unit filename="Application/Clock.hpp" />
		<Unit filename="Application/Group.cpp" />
		<Unit filename="Application/Group.hpp" />
		<Unit filename="Application/IO.cpp" />
		<Unit filename="Application/IO.hpp" />
		<Unit filename="Application/Log.cpp" />
		<Unit filename="Application/Log.hpp" />
		<Unit filename="Application/Math.cpp" />
		<Unit filename="Application/Math.hpp" />
		<Unit filename="Application/ResourceManager.cpp" />
		<Unit filename="Application/ResourceManager.hpp" />
		<Unit filename="Application/SettingsParser.cpp" />
		<Unit filename="Application/SettingsParser.hpp" />
		<Unit filename="Application/State.cpp" />
		<Unit filename="Application/State.hpp" />
		<Unit filename="Application/StateManager.cpp" />
		<Unit filename="Application/StateManager.hpp" />
		<Unit filename="Application/Statistics.cpp" />
		<Unit filename="Application/Statistics.hpp" />
		<Unit filename="Application/System.cpp" />
		<Unit filename="Application/System.hpp" />
		<Unit filename="Application/SystemInfo.hpp" />
		<Unit filename="Application/Version.cpp" />
		<Unit filename="Application/Version.hpp" />
		<Unit filename="Application/Window.cpp" />
		<Unit filename="Application/Window.hpp" />
		<Unit filename="Audio/Audio.hpp" />
		<Unit filename="Audio/MusicPlayer.cpp" />
		<Unit filename="Audio/MusicPlayer.hpp" />
		<Unit filename="Audio/SoundBufferManager.cpp" />
		<Unit filename="Audio/SoundBufferManager.hpp" />
		<Unit filename="Audio/SoundPlayer.cpp" />
		<Unit filename="Audio/SoundPlayer.hpp" />
		<Unit filename="ExtLibs/gzstream.cpp" />
		<Unit filename="ExtLibs/gzstream.hpp" />
		<Unit filename="ExtLibs/pugiconfig.hpp" />
		<Unit filename="ExtLibs/pugixml.cpp" />
		<Unit filename="ExtLibs/pugixml.hpp" />
		<Unit filename="TiledMap/ILayer.cpp" />
		<Unit filename="TiledMap/ILayer.hpp" />
		<Unit filename="TiledMap/Image.cpp" />
		<Unit filename="TiledMap/Image.hpp" />
		<Unit filename="TiledMap/ImageLayer.cpp" />
		<Unit filename="TiledMap/ImageLayer.hpp" />
		<Unit filename="TiledMap/Layer.cpp" />
		<Unit filename="TiledMap/Layer.hpp" />
		<Unit filename="TiledMap/Manager.cpp" />
		<Unit filename="TiledMap/Manager.hpp" />
		<Unit filename="TiledMap/Map.cpp" />
		<Unit filename="TiledMap/Map.hpp" />
		<Unit filename="TiledMap/Object.cpp" />
		<Unit filename="TiledMap/Object.hpp" />
		<Unit filename="TiledMap/ObjectGroup.cpp" />
		<Unit filename="TiledMap/ObjectGroup.hpp" />
		<Unit filename="TiledMap/ParserUtils.cpp" />
		<Unit filename="TiledMap/ParserUtils.hpp" />
		<Unit filename="TiledMap/Properties.cpp" />
		<Unit filename="TiledMap/Properties.hpp" />
		<Unit filename="TiledMap/Shape.cpp" />
		<Unit filename="TiledMap/Shape.hpp" />
		<Unit filename="TiledMap/Tile.cpp" />
		<Unit filename="TiledMap/Tile.hpp" />
		<Unit filename="TiledMap/TileData.cpp" />
		<Unit filename="TiledMap/TileData.hpp" />
		<Unit filename="TiledMap/Tileset.cpp" />
		<Unit filename="TiledMap/Tileset.hpp" />
		<Unit filename="main.cpp" />
		<Extensions>
			<code_completion />
			<debugger />
		</Extensions>
	</Project>
</CodeBlocks_project_file>
